// !$*UTF8*$!
{
	archiveVersion = 1;
	classes = {
	};
	objectVersion = 77;
	objects = {

/* Begin PBXContainerItemProxy section */
		F316EB652D49801C008EB74E /* PBXContainerItemProxy */ = {
			isa = PBXContainerItemProxy;
			containerPortal = F316EB4C2D49801A008EB74E /* Project object */;
			proxyType = 1;
			remoteGlobalIDString = F316EB532D49801A008EB74E;
			remoteInfo = Sleepy;
		};
		F316EB6F2D49801C008EB74E /* PBXContainerItemProxy */ = {
			isa = PBXContainerItemProxy;
			containerPortal = F316EB4C2D49801A008EB74E /* Project object */;
			proxyType = 1;
			remoteGlobalIDString = F316EB532D49801A008EB74E;
			remoteInfo = Sleepy;
		};
/* End PBXContainerItemProxy section */

/* Begin PBXFileReference section */
		F316EB542D49801A008EB74E /* Sleepy.app */ = {isa = PBXFileReference; explicitFileType = wrapper.application; includeInIndex = 0; path = Sleepy.app; sourceTree = BUILT_PRODUCTS_DIR; };
		F316EB642D49801C008EB74E /* SleepyTests.xctest */ = {isa = PBXFileReference; explicitFileType = wrapper.cfbundle; includeInIndex = 0; path = SleepyTests.xctest; sourceTree = BUILT_PRODUCTS_DIR; };
		F316EB6E2D49801C008EB74E /* SleepyUITests.xctest */ = {isa = PBXFileReference; explicitFileType = wrapper.cfbundle; includeInIndex = 0; path = SleepyUITests.xctest; sourceTree = BUILT_PRODUCTS_DIR; };
/* End PBXFileReference section */

/* Begin PBXFileSystemSynchronizedBuildFileExceptionSet section */
		F3F564EA2D4AC9CD0010B51E /* Exceptions for "Sleepy" folder in "Sleepy" target */ = {
			isa = PBXFileSystemSynchronizedBuildFileExceptionSet;
			membershipExceptions = (
				Info.plist,
			);
			target = F316EB532D49801A008EB74E /* Sleepy */;
		};
/* End PBXFileSystemSynchronizedBuildFileExceptionSet section */

/* Begin PBXFileSystemSynchronizedRootGroup section */
		F316EB562D49801A008EB74E /* Sleepy */ = {
			isa = PBXFileSystemSynchronizedRootGroup;
			exceptions = (
				F3F564EA2D4AC9CD0010B51E /* Exceptions for "Sleepy" folder in "Sleepy" target */,
			);
			path = Sleepy;
			sourceTree = "<group>";
		};
		F316EB672D49801C008EB74E /* SleepyTests */ = {
			isa = PBXFileSystemSynchronizedRootGroup;
			path = SleepyTests;
			sourceTree = "<group>";
		};
		F316EB712D49801C008EB74E /* SleepyUITests */ = {
			isa = PBXFileSystemSynchronizedRootGroup;
			path = SleepyUITests;
			sourceTree = "<group>";
		};
/* End PBXFileSystemSynchronizedRootGroup section */

/* Begin PBXFrameworksBuildPhase section */
		F316EB512D49801A008EB74E /* Frameworks */ = {
			isa = PBXFrameworksBuildPhase;
			buildActionMask = 2147483647;
			files = (
			);
			runOnlyForDeploymentPostprocessing = 0;
		};
		F316EB612D49801C008EB74E /* Frameworks */ = {
			isa = PBXFrameworksBuildPhase;
			buildActionMask = 2147483647;
			files = (
			);
			runOnlyForDeploymentPostprocessing = 0;
		};
		F316EB6B2D49801C008EB74E /* Frameworks */ = {
			isa = PBXFrameworksBuildPhase;
			buildActionMask = 2147483647;
			files = (
			);
			runOnlyForDeploymentPostprocessing = 0;
		};
/* End PBXFrameworksBuildPhase section */

/* Begin PBXGroup section */
		F316EB4B2D49801A008EB74E = {
			isa = PBXGroup;
			children = (
				F316EB562D49801A008EB74E /* Sleepy */,
				F316EB672D49801C008EB74E /* SleepyTests */,
				F316EB712D49801C008EB74E /* SleepyUITests */,
				F316EB552D49801A008EB74E /* Products */,
			);
			sourceTree = "<group>";
		};
		F316EB552D49801A008EB74E /* Products */ = {
			isa = PBXGroup;
			children = (
				F316EB542D49801A008EB74E /* Sleepy.app */,
				F316EB642D49801C008EB74E /* SleepyTests.xctest */,
				F316EB6E2D49801C008EB74E /* SleepyUITests.xctest */,
			);
			name = Products;
			sourceTree = "<group>";
		};
/* End PBXGroup section */

/* Begin PBXNativeTarget section */
		F316EB532D49801A008EB74E /* Sleepy */ = {
			isa = PBXNativeTarget;
			buildConfigurationList = F316EB782D49801C008EB74E /* Build configuration list for PBXNativeTarget "Sleepy" */;
			buildPhases = (
				F316EB502D49801A008EB74E /* Sources */,
				F316EB512D49801A008EB74E /* Frameworks */,
				F316EB522D49801A008EB74E /* Resources */,
			);
			buildRules = (
			);
			dependencies = (
			);
			fileSystemSynchronizedGroups = (
				F316EB562D49801A008EB74E /* Sleepy */,
			);
			name = Sleepy;
			packageProductDependencies = (
			);
			productName = Sleepy;
			productReference = F316EB542D49801A008EB74E /* Sleepy.app */;
			productType = "com.apple.product-type.application";
		};
		F316EB632D49801C008EB74E /* SleepyTests */ = {
			isa = PBXNativeTarget;
			buildConfigurationList = F316EB7B2D49801C008EB74E /* Build configuration list for PBXNativeTarget "SleepyTests" */;
			buildPhases = (
				F316EB602D49801C008EB74E /* Sources */,
				F316EB612D49801C008EB74E /* Frameworks */,
				F316EB622D49801C008EB74E /* Resources */,
			);
			buildRules = (
			);
			dependencies = (
				F316EB662D49801C008EB74E /* PBXTargetDependency */,
			);
			fileSystemSynchronizedGroups = (
				F316EB672D49801C008EB74E /* SleepyTests */,
			);
			name = SleepyTests;
			packageProductDependencies = (
			);
			productName = SleepyTests;
			productReference = F316EB642D49801C008EB74E /* SleepyTests.xctest */;
			productType = "com.apple.product-type.bundle.unit-test";
		};
		F316EB6D2D49801C008EB74E /* SleepyUITests */ = {
			isa = PBXNativeTarget;
			buildConfigurationList = F316EB7E2D49801C008EB74E /* Build configuration list for PBXNativeTarget "SleepyUITests" */;
			buildPhases = (
				F316EB6A2D49801C008EB74E /* Sources */,
				F316EB6B2D49801C008EB74E /* Frameworks */,
				F316EB6C2D49801C008EB74E /* Resources */,
			);
			buildRules = (
			);
			dependencies = (
				F316EB702D49801C008EB74E /* PBXTargetDependency */,
			);
			fileSystemSynchronizedGroups = (
				F316EB712D49801C008EB74E /* SleepyUITests */,
			);
			name = SleepyUITests;
			packageProductDependencies = (
			);
			productName = SleepyUITests;
			productReference = F316EB6E2D49801C008EB74E /* SleepyUITests.xctest */;
			productType = "com.apple.product-type.bundle.ui-testing";
		};
/* End PBXNativeTarget section */

/* Begin PBXProject section */
		F316EB4C2D49801A008EB74E /* Project object */ = {
			isa = PBXProject;
			attributes = {
				BuildIndependentTargetsInParallel = 1;
				LastSwiftUpdateCheck = 1620;
				LastUpgradeCheck = 1620;
				TargetAttributes = {
					F316EB532D49801A008EB74E = {
						CreatedOnToolsVersion = 16.2;
					};
					F316EB632D49801C008EB74E = {
						CreatedOnToolsVersion = 16.2;
						TestTargetID = F316EB532D49801A008EB74E;
					};
					F316EB6D2D49801C008EB74E = {
						CreatedOnToolsVersion = 16.2;
						TestTargetID = F316EB532D49801A008EB74E;
					};
				};
			};
			buildConfigurationList = F316EB4F2D49801A008EB74E /* Build configuration list for PBXProject "Sleepy" */;
			developmentRegion = en;
			hasScannedForEncodings = 0;
			knownRegions = (
				en,
				Base,
				ru,
			);
			mainGroup = F316EB4B2D49801A008EB74E;
			minimizedProjectReferenceProxies = 1;
			preferredProjectObjectVersion = 77;
			productRefGroup = F316EB552D49801A008EB74E /* Products */;
			projectDirPath = "";
			projectRoot = "";
			targets = (
				F316EB532D49801A008EB74E /* Sleepy */,
				F316EB632D49801C008EB74E /* SleepyTests */,
				F316EB6D2D49801C008EB74E /* SleepyUITests */,
			);
		};
/* End PBXProject section */

/* Begin PBXResourcesBuildPhase section */
		F316EB522D49801A008EB74E /* Resources */ = {
			isa = PBXResourcesBuildPhase;
			buildActionMask = 2147483647;
			files = (
			);
			runOnlyForDeploymentPostprocessing = 0;
		};
		F316EB622D49801C008EB74E /* Resources */ = {
			isa = PBXResourcesBuildPhase;
			buildActionMask = 2147483647;
			files = (
			);
			runOnlyForDeploymentPostprocessing = 0;
		};
		F316EB6C2D49801C008EB74E /* Resources */ = {
			isa = PBXResourcesBuildPhase;
			buildActionMask = 2147483647;
			files = (
			);
			runOnlyForDeploymentPostprocessing = 0;
		};
/* End PBXResourcesBuildPhase section */

/* Begin PBXSourcesBuildPhase section */
		F316EB502D49801A008EB74E /* Sources */ = {
			isa = PBXSourcesBuildPhase;
			buildActionMask = 2147483647;
			files = (
			);
			runOnlyForDeploymentPostprocessing = 0;
		};
		F316EB602D49801C008EB74E /* Sources */ = {
			isa = PBXSourcesBuildPhase;
			buildActionMask = 2147483647;
			files = (
			);
			runOnlyForDeploymentPostprocessing = 0;
		};
		F316EB6A2D49801C008EB74E /* Sources */ = {
			isa = PBXSourcesBuildPhase;
			buildActionMask = 2147483647;
			files = (
			);
			runOnlyForDeploymentPostprocessing = 0;
		};
/* End PBXSourcesBuildPhase section */

/* Begin PBXTargetDependency section */
		F316EB662D49801C008EB74E /* PBXTargetDependency */ = {
			isa = PBXTargetDependency;
			target = F316EB532D49801A008EB74E /* Sleepy */;
			targetProxy = F316EB652D49801C008EB74E /* PBXContainerItemProxy */;
		};
		F316EB702D49801C008EB74E /* PBXTargetDependency */ = {
			isa = PBXTargetDependency;
			target = F316EB532D49801A008EB74E /* Sleepy */;
			targetProxy = F316EB6F2D49801C008EB74E /* PBXContainerItemProxy */;
		};
/* End PBXTargetDependency section */

/* Begin XCBuildConfiguration section */
		F316EB762D49801C008EB74E /* Debug */ = {
			isa = XCBuildConfiguration;
			buildSettings = {
				ALWAYS_SEARCH_USER_PATHS = NO;
				ASSETCATALOG_COMPILER_GENERATE_SWIFT_ASSET_SYMBOL_EXTENSIONS = YES;
				CLANG_ANALYZER_NONNULL = YES;
				CLANG_ANALYZER_NUMBER_OBJECT_CONVERSION = YES_AGGRESSIVE;
				CLANG_CXX_LANGUAGE_STANDARD = "gnu++20";
				CLANG_ENABLE_MODULES = YES;
				CLANG_ENABLE_OBJC_ARC = YES;
				CLANG_ENABLE_OBJC_WEAK = YES;
				CLANG_WARN_BLOCK_CAPTURE_AUTORELEASING = YES;
				CLANG_WARN_BOOL_CONVERSION = YES;
				CLANG_WARN_COMMA = YES;
				CLANG_WARN_CONSTANT_CONVERSION = YES;
				CLANG_WARN_DEPRECATED_OBJC_IMPLEMENTATIONS = YES;
				CLANG_WARN_DIRECT_OBJC_ISA_USAGE = YES_ERROR;
				CLANG_WARN_DOCUMENTATION_COMMENTS = YES;
				CLANG_WARN_EMPTY_BODY = YES;
				CLANG_WARN_ENUM_CONVERSION = YES;
				CLANG_WARN_INFINITE_RECURSION = YES;
				CLANG_WARN_INT_CONVERSION = YES;
				CLANG_WARN_NON_LITERAL_NULL_CONVERSION = YES;
				CLANG_WARN_OBJC_IMPLICIT_RETAIN_SELF = YES;
				CLANG_WARN_OBJC_LITERAL_CONVERSION = YES;
				CLANG_WARN_OBJC_ROOT_CLASS = YES_ERROR;
				CLANG_WARN_QUOTED_INCLUDE_IN_FRAMEWORK_HEADER = YES;
				CLANG_WARN_RANGE_LOOP_ANALYSIS = YES;
				CLANG_WARN_STRICT_PROTOTYPES = YES;
				CLANG_WARN_SUSPICIOUS_MOVE = YES;
				CLANG_WARN_UNGUARDED_AVAILABILITY = YES_AGGRESSIVE;
				CLANG_WARN_UNREACHABLE_CODE = YES;
				CLANG_WARN__DUPLICATE_METHOD_MATCH = YES;
				COPY_PHASE_STRIP = NO;
				DEBUG_INFORMATION_FORMAT = dwarf;
				ENABLE_STRICT_OBJC_MSGSEND = YES;
				ENABLE_TESTABILITY = YES;
				ENABLE_USER_SCRIPT_SANDBOXING = YES;
				GCC_C_LANGUAGE_STANDARD = gnu17;
				GCC_DYNAMIC_NO_PIC = NO;
				GCC_NO_COMMON_BLOCKS = YES;
				GCC_OPTIMIZATION_LEVEL = 0;
				GCC_PREPROCESSOR_DEFINITIONS = (
					"DEBUG=1",
					"$(inherited)",
				);
				GCC_WARN_64_TO_32_BIT_CONVERSION = YES;
				GCC_WARN_ABOUT_RETURN_TYPE = YES_ERROR;
				GCC_WARN_UNDECLARED_SELECTOR = YES;
				GCC_WARN_UNINITIALIZED_AUTOS = YES_AGGRESSIVE;
				GCC_WARN_UNUSED_FUNCTION = YES;
				GCC_WARN_UNUSED_VARIABLE = YES;
				IPHONEOS_DEPLOYMENT_TARGET = 18.2;
				LOCALIZATION_PREFERS_STRING_CATALOGS = YES;
				MTL_ENABLE_DEBUG_INFO = INCLUDE_SOURCE;
				MTL_FAST_MATH = YES;
				ONLY_ACTIVE_ARCH = YES;
				SDKROOT = iphoneos;
				SWIFT_ACTIVE_COMPILATION_CONDITIONS = "DEBUG $(inherited)";
				SWIFT_OPTIMIZATION_LEVEL = "-Onone";
			};
			name = Debug;
		};
		F316EB772D49801C008EB74E /* Release */ = {
			isa = XCBuildConfiguration;
			buildSettings = {
				ALWAYS_SEARCH_USER_PATHS = NO;
				ASSETCATALOG_COMPILER_GENERATE_SWIFT_ASSET_SYMBOL_EXTENSIONS = YES;
				CLANG_ANALYZER_NONNULL = YES;
				CLANG_ANALYZER_NUMBER_OBJECT_CONVERSION = YES_AGGRESSIVE;
				CLANG_CXX_LANGUAGE_STANDARD = "gnu++20";
				CLANG_ENABLE_MODULES = YES;
				CLANG_ENABLE_OBJC_ARC = YES;
				CLANG_ENABLE_OBJC_WEAK = YES;
				CLANG_WARN_BLOCK_CAPTURE_AUTORELEASING = YES;
				CLANG_WARN_BOOL_CONVERSION = YES;
				CLANG_WARN_COMMA = YES;
				CLANG_WARN_CONSTANT_CONVERSION = YES;
				CLANG_WARN_DEPRECATED_OBJC_IMPLEMENTATIONS = YES;
				CLANG_WARN_DIRECT_OBJC_ISA_USAGE = YES_ERROR;
				CLANG_WARN_DOCUMENTATION_COMMENTS = YES;
				CLANG_WARN_EMPTY_BODY = YES;
				CLANG_WARN_ENUM_CONVERSION = YES;
				CLANG_WARN_INFINITE_RECURSION = YES;
				CLANG_WARN_INT_CONVERSION = YES;
				CLANG_WARN_NON_LITERAL_NULL_CONVERSION = YES;
				CLANG_WARN_OBJC_IMPLICIT_RETAIN_SELF = YES;
				CLANG_WARN_OBJC_LITERAL_CONVERSION = YES;
				CLANG_WARN_OBJC_ROOT_CLASS = YES_ERROR;
				CLANG_WARN_QUOTED_INCLUDE_IN_FRAMEWORK_HEADER = YES;
				CLANG_WARN_RANGE_LOOP_ANALYSIS = YES;
				CLANG_WARN_STRICT_PROTOTYPES = YES;
				CLANG_WARN_SUSPICIOUS_MOVE = YES;
				CLANG_WARN_UNGUARDED_AVAILABILITY = YES_AGGRESSIVE;
				CLANG_WARN_UNREACHABLE_CODE = YES;
				CLANG_WARN__DUPLICATE_METHOD_MATCH = YES;
				COPY_PHASE_STRIP = NO;
				DEBUG_INFORMATION_FORMAT = "dwarf-with-dsym";
				ENABLE_NS_ASSERTIONS = NO;
				ENABLE_STRICT_OBJC_MSGSEND = YES;
				ENABLE_USER_SCRIPT_SANDBOXING = YES;
				GCC_C_LANGUAGE_STANDARD = gnu17;
				GCC_NO_COMMON_BLOCKS = YES;
				GCC_WARN_64_TO_32_BIT_CONVERSION = YES;
				GCC_WARN_ABOUT_RETURN_TYPE = YES_ERROR;
				GCC_WARN_UNDECLARED_SELECTOR = YES;
				GCC_WARN_UNINITIALIZED_AUTOS = YES_AGGRESSIVE;
				GCC_WARN_UNUSED_FUNCTION = YES;
				GCC_WARN_UNUSED_VARIABLE = YES;
				IPHONEOS_DEPLOYMENT_TARGET = 18.2;
				LOCALIZATION_PREFERS_STRING_CATALOGS = YES;
				MTL_ENABLE_DEBUG_INFO = NO;
				MTL_FAST_MATH = YES;
				SDKROOT = iphoneos;
				SWIFT_COMPILATION_MODE = wholemodule;
				VALIDATE_PRODUCT = YES;
			};
			name = Release;
		};
		F316EB792D49801C008EB74E /* Debug */ = {
			isa = XCBuildConfiguration;
			buildSettings = {
				ASSETCATALOG_COMPILER_APPICON_NAME = AppIcon;
				ASSETCATALOG_COMPILER_GLOBAL_ACCENT_COLOR_NAME = AccentColor;
				CODE_SIGN_STYLE = Automatic;
				CURRENT_PROJECT_VERSION = 1;
				DEVELOPMENT_ASSET_PATHS = "\"Sleepy/Preview Content\"";
				DEVELOPMENT_TEAM = UBQJ28VPV8;
				ENABLE_PREVIEWS = YES;
				GENERATE_INFOPLIST_FILE = YES;
				INFOPLIST_FILE = Sleepy/Info.plist;
				INFOPLIST_KEY_LSApplicationCategoryType = "public.app-category.lifestyle";
				INFOPLIST_KEY_UIApplicationSceneManifest_Generation = YES;
				INFOPLIST_KEY_UIApplicationSupportsIndirectInputEvents = YES;
				INFOPLIST_KEY_UILaunchScreen_Generation = YES;
				INFOPLIST_KEY_UISupportedInterfaceOrientations = UIInterfaceOrientationPortrait;
				IPHONEOS_DEPLOYMENT_TARGET = 15.6;
				LD_RUNPATH_SEARCH_PATHS = (
					"$(inherited)",
					"@executable_path/Frameworks",
				);
				MARKETING_VERSION = 1.0;
				PRODUCT_BUNDLE_IDENTIFIER = com.LolaChernysheva.Sleepy;
				PRODUCT_NAME = "$(TARGET_NAME)";
				SUPPORTED_PLATFORMS = "iphoneos iphonesimulator";
				SUPPORTS_MACCATALYST = NO;
				SUPPORTS_MAC_DESIGNED_FOR_IPHONE_IPAD = NO;
				SUPPORTS_XR_DESIGNED_FOR_IPHONE_IPAD = NO;
				SWIFT_EMIT_LOC_STRINGS = YES;
				SWIFT_VERSION = 5.0;
				TARGETED_DEVICE_FAMILY = 1;
			};
			name = Debug;
		};
		F316EB7A2D49801C008EB74E /* Release */ = {
			isa = XCBuildConfiguration;
			buildSettings = {
				ASSETCATALOG_COMPILER_APPICON_NAME = AppIcon;
				ASSETCATALOG_COMPILER_GLOBAL_ACCENT_COLOR_NAME = AccentColor;
				CODE_SIGN_STYLE = Automatic;
				CURRENT_PROJECT_VERSION = 1;
				DEVELOPMENT_ASSET_PATHS = "\"Sleepy/Preview Content\"";
				DEVELOPMENT_TEAM = UBQJ28VPV8;
				ENABLE_PREVIEWS = YES;
				GENERATE_INFOPLIST_FILE = YES;
				INFOPLIST_FILE = Sleepy/Info.plist;
				INFOPLIST_KEY_LSApplicationCategoryType = "public.app-category.lifestyle";
				INFOPLIST_KEY_UIApplicationSceneManifest_Generation = YES;
				INFOPLIST_KEY_UIApplicationSupportsIndirectInputEvents = YES;
				INFOPLIST_KEY_UILaunchScreen_Generation = YES;
				INFOPLIST_KEY_UISupportedInterfaceOrientations = UIInterfaceOrientationPortrait;
				IPHONEOS_DEPLOYMENT_TARGET = 15.6;
				LD_RUNPATH_SEARCH_PATHS = (
					"$(inherited)",
					"@executable_path/Frameworks",
				);
				MARKETING_VERSION = 1.0;
				PRODUCT_BUNDLE_IDENTIFIER = com.LolaChernysheva.Sleepy;
				PRODUCT_NAME = "$(TARGET_NAME)";
				SUPPORTED_PLATFORMS = "iphoneos iphonesimulator";
				SUPPORTS_MACCATALYST = NO;
				SUPPORTS_MAC_DESIGNED_FOR_IPHONE_IPAD = NO;
				SUPPORTS_XR_DESIGNED_FOR_IPHONE_IPAD = NO;
				SWIFT_EMIT_LOC_STRINGS = YES;
				SWIFT_VERSION = 5.0;
				TARGETED_DEVICE_FAMILY = 1;
			};
			name = Release;
		};
		F316EB7C2D49801C008EB74E /* Debug */ = {
			isa = XCBuildConfiguration;
			buildSettings = {
				BUNDLE_LOADER = "$(TEST_HOST)";
				CODE_SIGN_STYLE = Automatic;
				CURRENT_PROJECT_VERSION = 1;
				DEVELOPMENT_TEAM = UBQJ28VPV8;
				GENERATE_INFOPLIST_FILE = YES;
				IPHONEOS_DEPLOYMENT_TARGET = 18.2;
				MARKETING_VERSION = 1.0;
				PRODUCT_BUNDLE_IDENTIFIER = com.LolaChernysheva.SleepyTests;
				PRODUCT_NAME = "$(TARGET_NAME)";
				SWIFT_EMIT_LOC_STRINGS = NO;
				SWIFT_VERSION = 5.0;
				TARGETED_DEVICE_FAMILY = "1,2";
				TEST_HOST = "$(BUILT_PRODUCTS_DIR)/Sleepy.app/$(BUNDLE_EXECUTABLE_FOLDER_PATH)/Sleepy";
			};
			name = Debug;
		};
		F316EB7D2D49801C008EB74E /* Release */ = {
			isa = XCBuildConfiguration;
			buildSettings = {
				BUNDLE_LOADER = "$(TEST_HOST)";
				CODE_SIGN_STYLE = Automatic;
				CURRENT_PROJECT_VERSION = 1;
				DEVELOPMENT_TEAM = UBQJ28VPV8;
				GENERATE_INFOPLIST_FILE = YES;
				IPHONEOS_DEPLOYMENT_TARGET = 18.2;
				MARKETING_VERSION = 1.0;
				PRODUCT_BUNDLE_IDENTIFIER = com.LolaChernysheva.SleepyTests;
				PRODUCT_NAME = "$(TARGET_NAME)";
				SWIFT_EMIT_LOC_STRINGS = NO;
				SWIFT_VERSION = 5.0;
				TARGETED_DEVICE_FAMILY = "1,2";
				TEST_HOST = "$(BUILT_PRODUCTS_DIR)/Sleepy.app/$(BUNDLE_EXECUTABLE_FOLDER_PATH)/Sleepy";
			};
			name = Release;
		};
		F316EB7F2D49801C008EB74E /* Debug */ = {
			isa = XCBuildConfiguration;
			buildSettings = {
				CODE_SIGN_STYLE = Automatic;
				CURRENT_PROJECT_VERSION = 1;
				DEVELOPMENT_TEAM = UBQJ28VPV8;
				GENERATE_INFOPLIST_FILE = YES;
				MARKETING_VERSION = 1.0;
				PRODUCT_BUNDLE_IDENTIFIER = com.LolaChernysheva.SleepyUITests;
				PRODUCT_NAME = "$(TARGET_NAME)";
				SWIFT_EMIT_LOC_STRINGS = NO;
				SWIFT_VERSION = 5.0;
				TARGETED_DEVICE_FAMILY = "1,2";
				TEST_TARGET_NAME = Sleepy;
			};
			name = Debug;
		};
		F316EB802D49801C008EB74E /* Release */ = {
			isa = XCBuildConfiguration;
			buildSettings = {
				CODE_SIGN_STYLE = Automatic;
				CURRENT_PROJECT_VERSION = 1;
				DEVELOPMENT_TEAM = UBQJ28VPV8;
				GENERATE_INFOPLIST_FILE = YES;
				MARKETING_VERSION = 1.0;
				PRODUCT_BUNDLE_IDENTIFIER = com.LolaChernysheva.SleepyUITests;
				PRODUCT_NAME = "$(TARGET_NAME)";
				SWIFT_EMIT_LOC_STRINGS = NO;
				SWIFT_VERSION = 5.0;
				TARGETED_DEVICE_FAMILY = "1,2";
				TEST_TARGET_NAME = Sleepy;
			};
			name = Release;
		};
/* End XCBuildConfiguration section */

/* Begin XCConfigurationList section */
		F316EB4F2D49801A008EB74E /* Build configuration list for PBXProject "Sleepy" */ = {
			isa = XCConfigurationList;
			buildConfigurations = (
				F316EB762D49801C008EB74E /* Debug */,
				F316EB772D49801C008EB74E /* Release */,
			);
			defaultConfigurationIsVisible = 0;
			defaultConfigurationName = Release;
		};
		F316EB782D49801C008EB74E /* Build configuration list for PBXNativeTarget "Sleepy" */ = {
			isa = XCConfigurationList;
			buildConfigurations = (
				F316EB792D49801C008EB74E /* Debug */,
				F316EB7A2D49801C008EB74E /* Release */,
			);
			defaultConfigurationIsVisible = 0;
			defaultConfigurationName = Release;
		};
		F316EB7B2D49801C008EB74E /* Build configuration list for PBXNativeTarget "SleepyTests" */ = {
			isa = XCConfigurationList;
			buildConfigurations = (
				F316EB7C2D49801C008EB74E /* Debug */,
				F316EB7D2D49801C008EB74E /* Release */,
			);
			defaultConfigurationIsVisible = 0;
			defaultConfigurationName = Release;
		};
		F316EB7E2D49801C008EB74E /* Build configuration list for PBXNativeTarget "SleepyUITests" */ = {
			isa = XCConfigurationList;
			buildConfigurations = (
				F316EB7F2D49801C008EB74E /* Debug */,
				F316EB802D49801C008EB74E /* Release */,
			);
			defaultConfigurationIsVisible = 0;
			defaultConfigurationName = Release;
		};
/* End XCConfigurationList section */
	};
	rootObject = F316EB4C2D49801A008EB74E /* Project object */;
}
